github.com/abhilashmendhe/dog v0.0.0-20231204141853-32e7e1698172 h1:R393WVD/ZibxLHAIyIaDi7B5Wv99NNx9PnJ79/aB1P0=
github.com/abhilashmendhe/dog v0.0.0-20231204141853-32e7e1698172/go.mod h1:3JeeT8ezZ9QGkOZtAZymoig0VJz0gPBCM4wf8oEUEy8=
github.com/abhilashmendhe/dog v0.0.0-20231204142330-058ddcc1908c h1:1hxC82TCkI1bgMskrfSCV5MaOzET5B+8SWpdsEfbaaY=
github.com/abhilashmendhe/dog v0.0.0-20231204142330-058ddcc1908c/go.mod h1:3JeeT8ezZ9QGkOZtAZymoig0VJz0gPBCM4wf8oEUEy8=
